PODS:
  - audio_visualizer (0.0.1):
    - Flutter
    - FlutterMacOS
  - FlutterMacOS (1.0.0)
  - path_provider_foundation (0.0.1):
    - Flutter
    - FlutterMacOS
  - record_darwin (1.0.0):
    - FlutterMacOS

DEPENDENCIES:
  - audio_visualizer (from `Flutter/ephemeral/.symlinks/plugins/audio_visualizer/darwin`)
  - FlutterMacOS (from `Flutter/ephemeral`)
  - path_provider_foundation (from `Flutter/ephemeral/.symlinks/plugins/path_provider_foundation/darwin`)
  - record_darwin (from `Flutter/ephemeral/.symlinks/plugins/record_darwin/macos`)

EXTERNAL SOURCES:
  audio_visualizer:
    :path: Flutter/ephemeral/.symlinks/plugins/audio_visualizer/darwin
  FlutterMacOS:
    :path: Flutter/ephemeral
  path_provider_foundation:
    :path: Flutter/ephemeral/.symlinks/plugins/path_provider_foundation/darwin
  record_darwin:
    :path: Flutter/ephemeral/.symlinks/plugins/record_darwin/macos

SPEC CHECKSUMS:
  audio_visualizer: f10a8d5043e0ab0f5134303caf5326f4dcd0457f
  FlutterMacOS: 8f6f14fa908a6fb3fba0cd85dbd81ec4b251fb24
  path_provider_foundation: 2b6b4c569c0fb62ec74538f866245ac84301af46
  record_darwin: a0d515a0ef78c440c123ea3ac76184c9927a94d6

PODFILE CHECKSUM: 9ebaf0ce3d369aaa26a9ea0e159195ed94724cf3

COCOAPODS: 1.16.2
